
Microsoft Visual Studio Solution File, Format Version 12.00
# Visual Studio Version 17
VisualStudioVersion = 17.4.33213.308
MinimumVisualStudioVersion = 10.0.40219.1
Project("{FAE04EC0-301F-11D3-BF4B-00C04F79EFBC}") = "WebMysql", "WebMysql\WebMysql.csproj", "{5C43EE4F-51E0-4BE7-8B63-D0C2204A64A9}"
EndProject
Global
	GlobalSection(SolutionConfigurationPlatforms) = preSolution
		Debug|Any CPU = Debug|Any CPU
		Release|Any CPU = Release|Any CPU
	EndGlobalSection
	GlobalSection(ProjectConfigurationPlatforms) = postSolution
		{5C43EE4F-51E0-4BE7-8B63-D0C2204A64A9}.Debug|Any CPU.ActiveCfg = Debug|Any CPU
		{5C43EE4F-51E0-4BE7-8B63-D0C2204A64A9}.Debug|Any CPU.Build.0 = Debug|Any CPU
		{5C43EE4F-51E0-4BE7-8B63-D0C2204A64A9}.Release|Any CPU.ActiveCfg = Release|Any CPU
		{5C43EE4F-51E0-4BE7-8B63-D0C2204A64A9}.Release|Any CPU.Build.0 = Release|Any CPU
	EndGlobalSection
	GlobalSection(SolutionProperties) = preSolution
		HideSolutionNode = FALSE
	EndGlobalSection
	GlobalSection(ExtensibilityGlobals) = postSolution
		SolutionGuid = {8CAD85A1-504F-43F6-A63E-70CD470FD142}
	EndGlobalSection
EndGlobal
